
Microsoft Visual Studio Solution File, Format Version 12.00
# Visual Studio Version 17
VisualStudioVersion = 17.8.34212.112
MinimumVisualStudioVersion = 10.0.40219.1
Project("{FAE04EC0-301F-11D3-BF4B-00C04F79EFBC}") = "BlazorApp1", "BlazorApp1\BlazorApp1.csproj", "{67459208-3A82-4DD1-A442-329D7EE7AD95}"
EndProject
Global
	GlobalSection(SolutionConfigurationPlatforms) = preSolution
		Debug|Any CPU = Debug|Any CPU
		Release|Any CPU = Release|Any CPU
	EndGlobalSection
	GlobalSection(ProjectConfigurationPlatforms) = postSolution
		{67459208-3A82-4DD1-A442-329D7EE7AD95}.Debug|Any CPU.ActiveCfg = Debug|Any CPU
		{67459208-3A82-4DD1-A442-329D7EE7AD95}.Debug|Any CPU.Build.0 = Debug|Any CPU
		{67459208-3A82-4DD1-A442-329D7EE7AD95}.Release|Any CPU.ActiveCfg = Release|Any CPU
		{67459208-3A82-4DD1-A442-329D7EE7AD95}.Release|Any CPU.Build.0 = Release|Any CPU
	EndGlobalSection
	GlobalSection(SolutionProperties) = preSolution
		HideSolutionNode = FALSE
	EndGlobalSection
	GlobalSection(ExtensibilityGlobals) = postSolution
		SolutionGuid = {40C3D7B5-CE6C-41C4-9E7F-35F65BB42098}
	EndGlobalSection
EndGlobal
